// !$*UTF8*$!
{
	archiveVersion = 1;
	classes = {
	};
	objectVersion = 56;
	objects = {

/* Begin PBXBuildFile section */
		490617CE28EE2DA700F69DBF /* Category.swift in Sources */ = {isa = PBXBuildFile; fileRef = 490617CD28EE2DA700F69DBF /* Category.swift */; };
		490617D028EE2DB500F69DBF /* Product.swift in Sources */ = {isa = PBXBuildFile; fileRef = 490617CF28EE2DB500F69DBF /* Product.swift */; };
		490617D228F0C7DC00F69DBF /* MenuManager.swift in Sources */ = {isa = PBXBuildFile; fileRef = 490617D128F0C7DC00F69DBF /* MenuManager.swift */; };
		490617D428F0C7F500F69DBF /* CartManager.swift in Sources */ = {isa = PBXBuildFile; fileRef = 490617D328F0C7F500F69DBF /* CartManager.swift */; };
		490617D628F0CE5A00F69DBF /* OrderItem.swift in Sources */ = {isa = PBXBuildFile; fileRef = 490617D528F0CE5A00F69DBF /* OrderItem.swift */; };
		4932A7142905E49000D2F105 /* LikesManager.swift in Sources */ = {isa = PBXBuildFile; fileRef = 4932A7132905E49000D2F105 /* LikesManager.swift */; };
		4932A7162905E4DB00D2F105 /* LikeButton.swift in Sources */ = {isa = PBXBuildFile; fileRef = 4932A7152905E4DB00D2F105 /* LikeButton.swift */; };
		4947EE1728E1089C0049BED1 /* CoffeeMastersApp.swift in Sources */ = {isa = PBXBuildFile; fileRef = 4947EE1628E1089C0049BED1 /* CoffeeMastersApp.swift */; };
		4947EE1928E1089C0049BED1 /* ContentView.swift in Sources */ = {isa = PBXBuildFile; fileRef = 4947EE1828E1089C0049BED1 /* ContentView.swift */; };
		4947EE1B28E1089D0049BED1 /* Assets.xcassets in Resources */ = {isa = PBXBuildFile; fileRef = 4947EE1A28E1089D0049BED1 /* Assets.xcassets */; };
		4947EE1E28E1089D0049BED1 /* Preview Assets.xcassets in Resources */ = {isa = PBXBuildFile; fileRef = 4947EE1D28E1089D0049BED1 /* Preview Assets.xcassets */; };
		4947EE2828E1089D0049BED1 /* CoffeeMastersTests.swift in Sources */ = {isa = PBXBuildFile; fileRef = 4947EE2728E1089D0049BED1 /* CoffeeMastersTests.swift */; };
		4947EE3228E1089D0049BED1 /* CoffeeMastersUITests.swift in Sources */ = {isa = PBXBuildFile; fileRef = 4947EE3128E1089D0049BED1 /* CoffeeMastersUITests.swift */; };
		4947EE3428E1089D0049BED1 /* CoffeeMastersUITestsLaunchTests.swift in Sources */ = {isa = PBXBuildFile; fileRef = 4947EE3328E1089D0049BED1 /* CoffeeMastersUITestsLaunchTests.swift */; };
		494E4F4F28EA42890059AFF0 /* MenuPage.swift in Sources */ = {isa = PBXBuildFile; fileRef = 494E4F4E28EA42890059AFF0 /* MenuPage.swift */; };
		494E4F5128EA42950059AFF0 /* OrdersPage.swift in Sources */ = {isa = PBXBuildFile; fileRef = 494E4F5028EA42950059AFF0 /* OrdersPage.swift */; };
		494E4F5328EA429F0059AFF0 /* InfoPage.swift in Sources */ = {isa = PBXBuildFile; fileRef = 494E4F5228EA429F0059AFF0 /* InfoPage.swift */; };
		494E4F5528EA43620059AFF0 /* ProductItem.swift in Sources */ = {isa = PBXBuildFile; fileRef = 494E4F5428EA43620059AFF0 /* ProductItem.swift */; };
		494E4F5728EA45A90059AFF0 /* DetailsPage.swift in Sources */ = {isa = PBXBuildFile; fileRef = 494E4F5628EA45A90059AFF0 /* DetailsPage.swift */; };
		4988D77728E7A078000ED54E /* Offer.swift in Sources */ = {isa = PBXBuildFile; fileRef = 4988D77628E7A078000ED54E /* Offer.swift */; };
		498D80BB28F216BC00DE1DDD /* Alamofire in Frameworks */ = {isa = PBXBuildFile; productRef = 498D80BA28F216BC00DE1DDD /* Alamofire */; };
		499FA51E28EA3C330027AFEB /* OffersPage.swift in Sources */ = {isa = PBXBuildFile; fileRef = 499FA51D28EA3C330027AFEB /* OffersPage.swift */; };
/* End PBXBuildFile section */

/* Begin PBXContainerItemProxy section */
		4947EE2428E1089D0049BED1 /* PBXContainerItemProxy */ = {
			isa = PBXContainerItemProxy;
			containerPortal = 4947EE0B28E1089C0049BED1 /* Project object */;
			proxyType = 1;
			remoteGlobalIDString = 4947EE1228E1089C0049BED1;
			remoteInfo = CoffeeMasters;
		};
		4947EE2E28E1089D0049BED1 /* PBXContainerItemProxy */ = {
			isa = PBXContainerItemProxy;
			containerPortal = 4947EE0B28E1089C0049BED1 /* Project object */;
			proxyType = 1;
			remoteGlobalIDString = 4947EE1228E1089C0049BED1;
			remoteInfo = CoffeeMasters;
		};
/* End PBXContainerItemProxy section */

/* Begin PBXFileReference section */
		490617CD28EE2DA700F69DBF /* Category.swift */ = {isa = PBXFileReference; lastKnownFileType = sourcecode.swift; path = Category.swift; sourceTree = "<group>"; };
		490617CF28EE2DB500F69DBF /* Product.swift */ = {isa = PBXFileReference; lastKnownFileType = sourcecode.swift; path = Product.swift; sourceTree = "<group>"; };
		490617D128F0C7DC00F69DBF /* MenuManager.swift */ = {isa = PBXFileReference; lastKnownFileType = sourcecode.swift; path = MenuManager.swift; sourceTree = "<group>"; };
		490617D328F0C7F500F69DBF /* CartManager.swift */ = {isa = PBXFileReference; lastKnownFileType = sourcecode.swift; path = CartManager.swift; sourceTree = "<group>"; };
		490617D528F0CE5A00F69DBF /* OrderItem.swift */ = {isa = PBXFileReference; fileEncoding = 4; lastKnownFileType = sourcecode.swift; path = OrderItem.swift; sourceTree = "<group>"; };
		4932A7122905D40C00D2F105 /* Info.plist */ = {isa = PBXFileReference; lastKnownFileType = text.plist; path = Info.plist; sourceTree = "<group>"; };
		4932A7132905E49000D2F105 /* LikesManager.swift */ = {isa = PBXFileReference; lastKnownFileType = sourcecode.swift; path = LikesManager.swift; sourceTree = "<group>"; };
		4932A7152905E4DB00D2F105 /* LikeButton.swift */ = {isa = PBXFileReference; lastKnownFileType = sourcecode.swift; path = LikeButton.swift; sourceTree = "<group>"; };
		4947EE1328E1089C0049BED1 /* CoffeeMasters.app */ = {isa = PBXFileReference; explicitFileType = wrapper.application; includeInIndex = 0; path = CoffeeMasters.app; sourceTree = BUILT_PRODUCTS_DIR; };
		4947EE1628E1089C0049BED1 /* CoffeeMastersApp.swift */ = {isa = PBXFileReference; lastKnownFileType = sourcecode.swift; path = CoffeeMastersApp.swift; sourceTree = "<group>"; };
		4947EE1828E1089C0049BED1 /* ContentView.swift */ = {isa = PBXFileReference; lastKnownFileType = sourcecode.swift; path = ContentView.swift; sourceTree = "<group>"; };
		4947EE1A28E1089D0049BED1 /* Assets.xcassets */ = {isa = PBXFileReference; lastKnownFileType = folder.assetcatalog; path = Assets.xcassets; sourceTree = "<group>"; };
		4947EE1D28E1089D0049BED1 /* Preview Assets.xcassets */ = {isa = PBXFileReference; lastKnownFileType = folder.assetcatalog; path = "Preview Assets.xcassets"; sourceTree = "<group>"; };
		4947EE2328E1089D0049BED1 /* CoffeeMastersTests.xctest */ = {isa = PBXFileReference; explicitFileType = wrapper.cfbundle; includeInIndex = 0; path = CoffeeMastersTests.xctest; sourceTree = BUILT_PRODUCTS_DIR; };
		4947EE2728E1089D0049BED1 /* CoffeeMastersTests.swift */ = {isa = PBXFileReference; lastKnownFileType = sourcecode.swift; path = CoffeeMastersTests.swift; sourceTree = "<group>"; };
		4947EE2D28E1089D0049BED1 /* CoffeeMastersUITests.xctest */ = {isa = PBXFileReference; explicitFileType = wrapper.cfbundle; includeInIndex = 0; path = CoffeeMastersUITests.xctest; sourceTree = BUILT_PRODUCTS_DIR; };
		4947EE3128E1089D0049BED1 /* CoffeeMastersUITests.swift */ = {isa = PBXFileReference; lastKnownFileType = sourcecode.swift; path = CoffeeMastersUITests.swift; sourceTree = "<group>"; };
		4947EE3328E1089D0049BED1 /* CoffeeMastersUITestsLaunchTests.swift */ = {isa = PBXFileReference; lastKnownFileType = sourcecode.swift; path = CoffeeMastersUITestsLaunchTests.swift; sourceTree = "<group>"; };
		494E4F4E28EA42890059AFF0 /* MenuPage.swift */ = {isa = PBXFileReference; lastKnownFileType = sourcecode.swift; path = MenuPage.swift; sourceTree = "<group>"; };
		494E4F5028EA42950059AFF0 /* OrdersPage.swift */ = {isa = PBXFileReference; lastKnownFileType = sourcecode.swift; path = OrdersPage.swift; sourceTree = "<group>"; };
		494E4F5228EA429F0059AFF0 /* InfoPage.swift */ = {isa = PBXFileReference; lastKnownFileType = sourcecode.swift; path = InfoPage.swift; sourceTree = "<group>"; };
		494E4F5428EA43620059AFF0 /* ProductItem.swift */ = {isa = PBXFileReference; lastKnownFileType = sourcecode.swift; path = ProductItem.swift; sourceTree = "<group>"; };
		494E4F5628EA45A90059AFF0 /* DetailsPage.swift */ = {isa = PBXFileReference; lastKnownFileType = sourcecode.swift; path = DetailsPage.swift; sourceTree = "<group>"; };
		4988D77628E7A078000ED54E /* Offer.swift */ = {isa = PBXFileReference; lastKnownFileType = sourcecode.swift; path = Offer.swift; sourceTree = "<group>"; };
		499FA51D28EA3C330027AFEB /* OffersPage.swift */ = {isa = PBXFileReference; lastKnownFileType = sourcecode.swift; path = OffersPage.swift; sourceTree = "<group>"; };
/* End PBXFileReference section */

/* Begin PBXFrameworksBuildPhase section */
		4947EE1028E1089C0049BED1 /* Frameworks */ = {
			isa = PBXFrameworksBuildPhase;
			buildActionMask = 2147483647;
			files = (
				498D80BB28F216BC00DE1DDD /* Alamofire in Frameworks */,
			);
			runOnlyForDeploymentPostprocessing = 0;
		};
		4947EE2028E1089D0049BED1 /* Frameworks */ = {
			isa = PBXFrameworksBuildPhase;
			buildActionMask = 2147483647;
			files = (
			);
			runOnlyForDeploymentPostprocessing = 0;
		};
		4947EE2A28E1089D0049BED1 /* Frameworks */ = {
			isa = PBXFrameworksBuildPhase;
			buildActionMask = 2147483647;
			files = (
			);
			runOnlyForDeploymentPostprocessing = 0;
		};
/* End PBXFrameworksBuildPhase section */

/* Begin PBXGroup section */
		490617CC28EE2D8800F69DBF /* Model */ = {
			isa = PBXGroup;
			children = (
				490617CD28EE2DA700F69DBF /* Category.swift */,
				490617CF28EE2DB500F69DBF /* Product.swift */,
				490617D128F0C7DC00F69DBF /* MenuManager.swift */,
				490617D328F0C7F500F69DBF /* CartManager.swift */,
				4932A7132905E49000D2F105 /* LikesManager.swift */,
			);
			path = Model;
			sourceTree = "<group>";
		};
		4947EE0A28E1089C0049BED1 = {
			isa = PBXGroup;
			children = (
				4947EE1528E1089C0049BED1 /* CoffeeMasters */,
				4947EE2628E1089D0049BED1 /* CoffeeMastersTests */,
				4947EE3028E1089D0049BED1 /* CoffeeMastersUITests */,
				4947EE1428E1089C0049BED1 /* Products */,
			);
			sourceTree = "<group>";
		};
		4947EE1428E1089C0049BED1 /* Products */ = {
			isa = PBXGroup;
			children = (
				4947EE1328E1089C0049BED1 /* CoffeeMasters.app */,
				4947EE2328E1089D0049BED1 /* CoffeeMastersTests.xctest */,
				4947EE2D28E1089D0049BED1 /* CoffeeMastersUITests.xctest */,
			);
			name = Products;
			sourceTree = "<group>";
		};
		4947EE1528E1089C0049BED1 /* CoffeeMasters */ = {
			isa = PBXGroup;
			children = (
				4932A7122905D40C00D2F105 /* Info.plist */,
				490617CC28EE2D8800F69DBF /* Model */,
				494E4F4D28EA425F0059AFF0 /* Page Views */,
				494E4F4C28EA423C0059AFF0 /* Views */,
				4947EE1628E1089C0049BED1 /* CoffeeMastersApp.swift */,
				4947EE1828E1089C0049BED1 /* ContentView.swift */,
				4947EE1A28E1089D0049BED1 /* Assets.xcassets */,
				4947EE1C28E1089D0049BED1 /* Preview Content */,
			);
			path = CoffeeMasters;
			sourceTree = "<group>";
		};
		4947EE1C28E1089D0049BED1 /* Preview Content */ = {
			isa = PBXGroup;
			children = (
				4947EE1D28E1089D0049BED1 /* Preview Assets.xcassets */,
			);
			path = "Preview Content";
			sourceTree = "<group>";
		};
		4947EE2628E1089D0049BED1 /* CoffeeMastersTests */ = {
			isa = PBXGroup;
			children = (
				4947EE2728E1089D0049BED1 /* CoffeeMastersTests.swift */,
			);
			path = CoffeeMastersTests;
			sourceTree = "<group>";
		};
		4947EE3028E1089D0049BED1 /* CoffeeMastersUITests */ = {
			isa = PBXGroup;
			children = (
				4947EE3128E1089D0049BED1 /* CoffeeMastersUITests.swift */,
				4947EE3328E1089D0049BED1 /* CoffeeMastersUITestsLaunchTests.swift */,
			);
			path = CoffeeMastersUITests;
			sourceTree = "<group>";
		};
		494E4F4C28EA423C0059AFF0 /* Views */ = {
			isa = PBXGroup;
			children = (
				4988D77628E7A078000ED54E /* Offer.swift */,
				490617D528F0CE5A00F69DBF /* OrderItem.swift */,
				494E4F5428EA43620059AFF0 /* ProductItem.swift */,
				4932A7152905E4DB00D2F105 /* LikeButton.swift */,
			);
			path = Views;
			sourceTree = "<group>";
		};
		494E4F4D28EA425F0059AFF0 /* Page Views */ = {
			isa = PBXGroup;
			children = (
				499FA51D28EA3C330027AFEB /* OffersPage.swift */,
				494E4F4E28EA42890059AFF0 /* MenuPage.swift */,
				494E4F5028EA42950059AFF0 /* OrdersPage.swift */,
				494E4F5228EA429F0059AFF0 /* InfoPage.swift */,
				494E4F5628EA45A90059AFF0 /* DetailsPage.swift */,
			);
			path = "Page Views";
			sourceTree = "<group>";
		};
/* End PBXGroup section */

/* Begin PBXNativeTarget section */
		4947EE1228E1089C0049BED1 /* CoffeeMasters */ = {
			isa = PBXNativeTarget;
			buildConfigurationList = 4947EE3728E1089D0049BED1 /* Build configuration list for PBXNativeTarget "CoffeeMasters" */;
			buildPhases = (
				4947EE0F28E1089C0049BED1 /* Sources */,
				4947EE1028E1089C0049BED1 /* Frameworks */,
				4947EE1128E1089C0049BED1 /* Resources */,
			);
			buildRules = (
			);
			dependencies = (
			);
			name = CoffeeMasters;
			packageProductDependencies = (
				498D80BA28F216BC00DE1DDD /* Alamofire */,
			);
			productName = CoffeeMasters;
			productReference = 4947EE1328E1089C0049BED1 /* CoffeeMasters.app */;
			productType = "com.apple.product-type.application";
		};
		4947EE2228E1089D0049BED1 /* CoffeeMastersTests */ = {
			isa = PBXNativeTarget;
			buildConfigurationList = 4947EE3A28E1089D0049BED1 /* Build configuration list for PBXNativeTarget "CoffeeMastersTests" */;
			buildPhases = (
				4947EE1F28E1089D0049BED1 /* Sources */,
				4947EE2028E1089D0049BED1 /* Frameworks */,
				4947EE2128E1089D0049BED1 /* Resources */,
			);
			buildRules = (
			);
			dependencies = (
				4947EE2528E1089D0049BED1 /* PBXTargetDependency */,
			);
			name = CoffeeMastersTests;
			productName = CoffeeMastersTests;
			productReference = 4947EE2328E1089D0049BED1 /* CoffeeMastersTests.xctest */;
			productType = "com.apple.product-type.bundle.unit-test";
		};
		4947EE2C28E1089D0049BED1 /* CoffeeMastersUITests */ = {
			isa = PBXNativeTarget;
			buildConfigurationList = 4947EE3D28E1089D0049BED1 /* Build configuration list for PBXNativeTarget "CoffeeMastersUITests" */;
			buildPhases = (
				4947EE2928E1089D0049BED1 /* Sources */,
				4947EE2A28E1089D0049BED1 /* Frameworks */,
				4947EE2B28E1089D0049BED1 /* Resources */,
			);
			buildRules = (
			);
			dependencies = (
				4947EE2F28E1089D0049BED1 /* PBXTargetDependency */,
			);
			name = CoffeeMastersUITests;
			productName = CoffeeMastersUITests;
			productReference = 4947EE2D28E1089D0049BED1 /* CoffeeMastersUITests.xctest */;
			productType = "com.apple.product-type.bundle.ui-testing";
		};
/* End PBXNativeTarget section */

/* Begin PBXProject section */
		4947EE0B28E1089C0049BED1 /* Project object */ = {
			isa = PBXProject;
			attributes = {
				BuildIndependentTargetsInParallel = 1;
				LastSwiftUpdateCheck = 1400;
				LastUpgradeCheck = 1400;
				TargetAttributes = {
					4947EE1228E1089C0049BED1 = {
						CreatedOnToolsVersion = 14.0;
					};
					4947EE2228E1089D0049BED1 = {
						CreatedOnToolsVersion = 14.0;
						TestTargetID = 4947EE1228E1089C0049BED1;
					};
					4947EE2C28E1089D0049BED1 = {
						CreatedOnToolsVersion = 14.0;
						TestTargetID = 4947EE1228E1089C0049BED1;
					};
				};
			};
			buildConfigurationList = 4947EE0E28E1089C0049BED1 /* Build configuration list for PBXProject "CoffeeMasters" */;
			compatibilityVersion = "Xcode 14.0";
			developmentRegion = en;
			hasScannedForEncodings = 0;
			knownRegions = (
				en,
				Base,
			);
			mainGroup = 4947EE0A28E1089C0049BED1;
			packageReferences = (
				498D80B928F216BC00DE1DDD /* XCRemoteSwiftPackageReference "Alamofire" */,
			);
			productRefGroup = 4947EE1428E1089C0049BED1 /* Products */;
			projectDirPath = "";
			projectRoot = "";
			targets = (
				4947EE1228E1089C0049BED1 /* CoffeeMasters */,
				4947EE2228E1089D0049BED1 /* CoffeeMastersTests */,
				4947EE2C28E1089D0049BED1 /* CoffeeMastersUITests */,
			);
		};
/* End PBXProject section */

/* Begin PBXResourcesBuildPhase section */
		4947EE1128E1089C0049BED1 /* Resources */ = {
			isa = PBXResourcesBuildPhase;
			buildActionMask = 2147483647;
			files = (
				4947EE1E28E1089D0049BED1 /* Preview Assets.xcassets in Resources */,
				4947EE1B28E1089D0049BED1 /* Assets.xcassets in Resources */,
			);
			runOnlyForDeploymentPostprocessing = 0;
		};
		4947EE2128E1089D0049BED1 /* Resources */ = {
			isa = PBXResourcesBuildPhase;
			buildActionMask = 2147483647;
			files = (
			);
			runOnlyForDeploymentPostprocessing = 0;
		};
		4947EE2B28E1089D0049BED1 /* Resources */ = {
			isa = PBXResourcesBuildPhase;
			buildActionMask = 2147483647;
			files = (
			);
			runOnlyForDeploymentPostprocessing = 0;
		};
/* End PBXResourcesBuildPhase section */

/* Begin PBXSourcesBuildPhase section */
		4947EE0F28E1089C0049BED1 /* Sources */ = {
			isa = PBXSourcesBuildPhase;
			buildActionMask = 2147483647;
			files = (
				490617D228F0C7DC00F69DBF /* MenuManager.swift in Sources */,
				490617D428F0C7F500F69DBF /* CartManager.swift in Sources */,
				4988D77728E7A078000ED54E /* Offer.swift in Sources */,
				490617CE28EE2DA700F69DBF /* Category.swift in Sources */,
				499FA51E28EA3C330027AFEB /* OffersPage.swift in Sources */,
				494E4F4F28EA42890059AFF0 /* MenuPage.swift in Sources */,
				494E4F5728EA45A90059AFF0 /* DetailsPage.swift in Sources */,
				490617D028EE2DB500F69DBF /* Product.swift in Sources */,
				494E4F5328EA429F0059AFF0 /* InfoPage.swift in Sources */,
				490617D628F0CE5A00F69DBF /* OrderItem.swift in Sources */,
				494E4F5528EA43620059AFF0 /* ProductItem.swift in Sources */,
				4947EE1928E1089C0049BED1 /* ContentView.swift in Sources */,
				4932A7162905E4DB00D2F105 /* LikeButton.swift in Sources */,
				494E4F5128EA42950059AFF0 /* OrdersPage.swift in Sources */,
				4932A7142905E49000D2F105 /* LikesManager.swift in Sources */,
				4947EE1728E1089C0049BED1 /* CoffeeMastersApp.swift in Sources */,
			);
			runOnlyForDeploymentPostprocessing = 0;
		};
		4947EE1F28E1089D0049BED1 /* Sources */ = {
			isa = PBXSourcesBuildPhase;
			buildActionMask = 2147483647;
			files = (
				4947EE2828E1089D0049BED1 /* CoffeeMastersTests.swift in Sources */,
			);
			runOnlyForDeploymentPostprocessing = 0;
		};
		4947EE2928E1089D0049BED1 /* Sources */ = {
			isa = PBXSourcesBuildPhase;
			buildActionMask = 2147483647;
			files = (
				4947EE3428E1089D0049BED1 /* CoffeeMastersUITestsLaunchTests.swift in Sources */,
				4947EE3228E1089D0049BED1 /* CoffeeMastersUITests.swift in Sources */,
			);
			runOnlyForDeploymentPostprocessing = 0;
		};
/* End PBXSourcesBuildPhase section */

/* Begin PBXTargetDependency section */
		4947EE2528E1089D0049BED1 /* PBXTargetDependency */ = {
			isa = PBXTargetDependency;
			target = 4947EE1228E1089C0049BED1 /* CoffeeMasters */;
			targetProxy = 4947EE2428E1089D0049BED1 /* PBXContainerItemProxy */;
		};
		4947EE2F28E1089D0049BED1 /* PBXTargetDependency */ = {
			isa = PBXTargetDependency;
			target = 4947EE1228E1089C0049BED1 /* CoffeeMasters */;
			targetProxy = 4947EE2E28E1089D0049BED1 /* PBXContainerItemProxy */;
		};
/* End PBXTargetDependency section */

/* Begin XCBuildConfiguration section */
		4947EE3528E1089D0049BED1 /* Debug */ = {
			isa = XCBuildConfiguration;
			buildSettings = {
				ALWAYS_SEARCH_USER_PATHS = NO;
				CLANG_ANALYZER_NONNULL = YES;
				CLANG_ANALYZER_NUMBER_OBJECT_CONVERSION = YES_AGGRESSIVE;
				CLANG_CXX_LANGUAGE_STANDARD = "gnu++20";
				CLANG_ENABLE_MODULES = YES;
				CLANG_ENABLE_OBJC_ARC = YES;
				CLANG_ENABLE_OBJC_WEAK = YES;
				CLANG_WARN_BLOCK_CAPTURE_AUTORELEASING = YES;
				CLANG_WARN_BOOL_CONVERSION = YES;
				CLANG_WARN_COMMA = YES;
				CLANG_WARN_CONSTANT_CONVERSION = YES;
				CLANG_WARN_DEPRECATED_OBJC_IMPLEMENTATIONS = YES;
				CLANG_WARN_DIRECT_OBJC_ISA_USAGE = YES_ERROR;
				CLANG_WARN_DOCUMENTATION_COMMENTS = YES;
				CLANG_WARN_EMPTY_BODY = YES;
				CLANG_WARN_ENUM_CONVERSION = YES;
				CLANG_WARN_INFINITE_RECURSION = YES;
				CLANG_WARN_INT_CONVERSION = YES;
				CLANG_WARN_NON_LITERAL_NULL_CONVERSION = YES;
				CLANG_WARN_OBJC_IMPLICIT_RETAIN_SELF = YES;
				CLANG_WARN_OBJC_LITERAL_CONVERSION = YES;
				CLANG_WARN_OBJC_ROOT_CLASS = YES_ERROR;
				CLANG_WARN_QUOTED_INCLUDE_IN_FRAMEWORK_HEADER = YES;
				CLANG_WARN_RANGE_LOOP_ANALYSIS = YES;
				CLANG_WARN_STRICT_PROTOTYPES = YES;
				CLANG_WARN_SUSPICIOUS_MOVE = YES;
				CLANG_WARN_UNGUARDED_AVAILABILITY = YES_AGGRESSIVE;
				CLANG_WARN_UNREACHABLE_CODE = YES;
				CLANG_WARN__DUPLICATE_METHOD_MATCH = YES;
				COPY_PHASE_STRIP = NO;
				DEBUG_INFORMATION_FORMAT = dwarf;
				ENABLE_STRICT_OBJC_MSGSEND = YES;
				ENABLE_TESTABILITY = YES;
				GCC_C_LANGUAGE_STANDARD = gnu11;
				GCC_DYNAMIC_NO_PIC = NO;
				GCC_NO_COMMON_BLOCKS = YES;
				GCC_OPTIMIZATION_LEVEL = 0;
				GCC_PREPROCESSOR_DEFINITIONS = (
					"DEBUG=1",
					"$(inherited)",
				);
				GCC_WARN_64_TO_32_BIT_CONVERSION = YES;
				GCC_WARN_ABOUT_RETURN_TYPE = YES_ERROR;
				GCC_WARN_UNDECLARED_SELECTOR = YES;
				GCC_WARN_UNINITIALIZED_AUTOS = YES_AGGRESSIVE;
				GCC_WARN_UNUSED_FUNCTION = YES;
				GCC_WARN_UNUSED_VARIABLE = YES;
				IPHONEOS_DEPLOYMENT_TARGET = 16.0;
				MTL_ENABLE_DEBUG_INFO = INCLUDE_SOURCE;
				MTL_FAST_MATH = YES;
				ONLY_ACTIVE_ARCH = YES;
				SDKROOT = iphoneos;
				SWIFT_ACTIVE_COMPILATION_CONDITIONS = DEBUG;
				SWIFT_OPTIMIZATION_LEVEL = "-Onone";
			};
			name = Debug;
		};
		4947EE3628E1089D0049BED1 /* Release */ = {
			isa = XCBuildConfiguration;
			buildSettings = {
				ALWAYS_SEARCH_USER_PATHS = NO;
				CLANG_ANALYZER_NONNULL = YES;
				CLANG_ANALYZER_NUMBER_OBJECT_CONVERSION = YES_AGGRESSIVE;
				CLANG_CXX_LANGUAGE_STANDARD = "gnu++20";
				CLANG_ENABLE_MODULES = YES;
				CLANG_ENABLE_OBJC_ARC = YES;
				CLANG_ENABLE_OBJC_WEAK = YES;
				CLANG_WARN_BLOCK_CAPTURE_AUTORELEASING = YES;
				CLANG_WARN_BOOL_CONVERSION = YES;
				CLANG_WARN_COMMA = YES;
				CLANG_WARN_CONSTANT_CONVERSION = YES;
				CLANG_WARN_DEPRECATED_OBJC_IMPLEMENTATIONS = YES;
				CLANG_WARN_DIRECT_OBJC_ISA_USAGE = YES_ERROR;
				CLANG_WARN_DOCUMENTATION_COMMENTS = YES;
				CLANG_WARN_EMPTY_BODY = YES;
				CLANG_WARN_ENUM_CONVERSION = YES;
				CLANG_WARN_INFINITE_RECURSION = YES;
				CLANG_WARN_INT_CONVERSION = YES;
				CLANG_WARN_NON_LITERAL_NULL_CONVERSION = YES;
				CLANG_WARN_OBJC_IMPLICIT_RETAIN_SELF = YES;
				CLANG_WARN_OBJC_LITERAL_CONVERSION = YES;
				CLANG_WARN_OBJC_ROOT_CLASS = YES_ERROR;
				CLANG_WARN_QUOTED_INCLUDE_IN_FRAMEWORK_HEADER = YES;
				CLANG_WARN_RANGE_LOOP_ANALYSIS = YES;
				CLANG_WARN_STRICT_PROTOTYPES = YES;
				CLANG_WARN_SUSPICIOUS_MOVE = YES;
				CLANG_WARN_UNGUARDED_AVAILABILITY = YES_AGGRESSIVE;
				CLANG_WARN_UNREACHABLE_CODE = YES;
				CLANG_WARN__DUPLICATE_METHOD_MATCH = YES;
				COPY_PHASE_STRIP = NO;
				DEBUG_INFORMATION_FORMAT = "dwarf-with-dsym";
				ENABLE_NS_ASSERTIONS = NO;
				ENABLE_STRICT_OBJC_MSGSEND = YES;
				GCC_C_LANGUAGE_STANDARD = gnu11;
				GCC_NO_COMMON_BLOCKS = YES;
				GCC_WARN_64_TO_32_BIT_CONVERSION = YES;
				GCC_WARN_ABOUT_RETURN_TYPE = YES_ERROR;
				GCC_WARN_UNDECLARED_SELECTOR = YES;
				GCC_WARN_UNINITIALIZED_AUTOS = YES_AGGRESSIVE;
				GCC_WARN_UNUSED_FUNCTION = YES;
				GCC_WARN_UNUSED_VARIABLE = YES;
				IPHONEOS_DEPLOYMENT_TARGET = 16.0;
				MTL_ENABLE_DEBUG_INFO = NO;
				MTL_FAST_MATH = YES;
				SDKROOT = iphoneos;
				SWIFT_COMPILATION_MODE = wholemodule;
				SWIFT_OPTIMIZATION_LEVEL = "-O";
				VALIDATE_PRODUCT = YES;
			};
			name = Release;
		};
		4947EE3828E1089D0049BED1 /* Debug */ = {
			isa = XCBuildConfiguration;
			buildSettings = {
				ASSETCATALOG_COMPILER_APPICON_NAME = AppIcon;
				ASSETCATALOG_COMPILER_GLOBAL_ACCENT_COLOR_NAME = AccentColor;
				CODE_SIGN_STYLE = Automatic;
				CURRENT_PROJECT_VERSION = 1;
				DEVELOPMENT_ASSET_PATHS = "\"CoffeeMasters/Preview Content\"";
				DEVELOPMENT_TEAM = 7J8K6Q87RJ;
				ENABLE_PREVIEWS = YES;
				GENERATE_INFOPLIST_FILE = YES;
				INFOPLIST_FILE = CoffeeMasters/Info.plist;
				INFOPLIST_KEY_UIApplicationSceneManifest_Generation = YES;
				INFOPLIST_KEY_UIApplicationSupportsIndirectInputEvents = YES;
				INFOPLIST_KEY_UISupportedInterfaceOrientations_iPad = "UIInterfaceOrientationPortrait UIInterfaceOrientationPortraitUpsideDown UIInterfaceOrientationLandscapeLeft UIInterfaceOrientationLandscapeRight";
				INFOPLIST_KEY_UISupportedInterfaceOrientations_iPhone = "UIInterfaceOrientationPortrait UIInterfaceOrientationLandscapeLeft UIInterfaceOrientationLandscapeRight";
				IPHONEOS_DEPLOYMENT_TARGET = 15.6;
				LD_RUNPATH_SEARCH_PATHS = (
					"$(inherited)",
					"@executable_path/Frameworks",
				);
				MARKETING_VERSION = 1.0;
				PRODUCT_BUNDLE_IDENTIFIER = com.nystudio107.CoffeeMasters;
				PRODUCT_NAME = "$(TARGET_NAME)";
				SWIFT_EMIT_LOC_STRINGS = YES;
				SWIFT_VERSION = 5.0;
				TARGETED_DEVICE_FAMILY = "1,2";
			};
			name = Debug;
		};
		4947EE3928E1089D0049BED1 /* Release */ = {
			isa = XCBuildConfiguration;
			buildSettings = {
				ASSETCATALOG_COMPILER_APPICON_NAME = AppIcon;
				ASSETCATALOG_COMPILER_GLOBAL_ACCENT_COLOR_NAME = AccentColor;
				CODE_SIGN_STYLE = Automatic;
				CURRENT_PROJECT_VERSION = 1;
				DEVELOPMENT_ASSET_PATHS = "\"CoffeeMasters/Preview Content\"";
				DEVELOPMENT_TEAM = 7J8K6Q87RJ;
				ENABLE_PREVIEWS = YES;
				GENERATE_INFOPLIST_FILE = YES;
				INFOPLIST_FILE = CoffeeMasters/Info.plist;
				INFOPLIST_KEY_UIApplicationSceneManifest_Generation = YES;
				INFOPLIST_KEY_UIApplicationSupportsIndirectInputEvents = YES;
				INFOPLIST_KEY_UISupportedInterfaceOrientations_iPad = "UIInterfaceOrientationPortrait UIInterfaceOrientationPortraitUpsideDown UIInterfaceOrientationLandscapeLeft UIInterfaceOrientationLandscapeRight";
				INFOPLIST_KEY_UISupportedInterfaceOrientations_iPhone = "UIInterfaceOrientationPortrait UIInterfaceOrientationLandscapeLeft UIInterfaceOrientationLandscapeRight";
				IPHONEOS_DEPLOYMENT_TARGET = 15.6;
				LD_RUNPATH_SEARCH_PATHS = (
					"$(inherited)",
					"@executable_path/Frameworks",
				);
				MARKETING_VERSION = 1.0;
				PRODUCT_BUNDLE_IDENTIFIER = com.nystudio107.CoffeeMasters;
				PRODUCT_NAME = "$(TARGET_NAME)";
				SWIFT_EMIT_LOC_STRINGS = YES;
				SWIFT_VERSION = 5.0;
				TARGETED_DEVICE_FAMILY = "1,2";
			};
			name = Release;
		};
		4947EE3B28E1089D0049BED1 /* Debug */ = {
			isa = XCBuildConfiguration;
			buildSettings = {
				ALWAYS_EMBED_SWIFT_STANDARD_LIBRARIES = YES;
				BUNDLE_LOADER = "$(TEST_HOST)";
				CODE_SIGN_STYLE = Automatic;
				CURRENT_PROJECT_VERSION = 1;
				DEVELOPMENT_TEAM = 3ZM435KRHM;
				GENERATE_INFOPLIST_FILE = YES;
				IPHONEOS_DEPLOYMENT_TARGET = 16.0;
				MARKETING_VERSION = 1.0;
				PRODUCT_BUNDLE_IDENTIFIER = com.nystudio107.CoffeeMastersTests;
				PRODUCT_NAME = "$(TARGET_NAME)";
				SWIFT_EMIT_LOC_STRINGS = NO;
				SWIFT_VERSION = 5.0;
				TARGETED_DEVICE_FAMILY = "1,2";
				TEST_HOST = "$(BUILT_PRODUCTS_DIR)/CoffeeMasters.app/$(BUNDLE_EXECUTABLE_FOLDER_PATH)/CoffeeMasters";
			};
			name = Debug;
		};
		4947EE3C28E1089D0049BED1 /* Release */ = {
			isa = XCBuildConfiguration;
			buildSettings = {
				ALWAYS_EMBED_SWIFT_STANDARD_LIBRARIES = YES;
				BUNDLE_LOADER = "$(TEST_HOST)";
				CODE_SIGN_STYLE = Automatic;
				CURRENT_PROJECT_VERSION = 1;
				DEVELOPMENT_TEAM = 3ZM435KRHM;
				GENERATE_INFOPLIST_FILE = YES;
				IPHONEOS_DEPLOYMENT_TARGET = 16.0;
				MARKETING_VERSION = 1.0;
				PRODUCT_BUNDLE_IDENTIFIER = com.nystudio107.CoffeeMastersTests;
				PRODUCT_NAME = "$(TARGET_NAME)";
				SWIFT_EMIT_LOC_STRINGS = NO;
				SWIFT_VERSION = 5.0;
				TARGETED_DEVICE_FAMILY = "1,2";
				TEST_HOST = "$(BUILT_PRODUCTS_DIR)/CoffeeMasters.app/$(BUNDLE_EXECUTABLE_FOLDER_PATH)/CoffeeMasters";
			};
			name = Release;
		};
		4947EE3E28E1089D0049BED1 /* Debug */ = {
			isa = XCBuildConfiguration;
			buildSettings = {
				ALWAYS_EMBED_SWIFT_STANDARD_LIBRARIES = YES;
				CODE_SIGN_STYLE = Automatic;
				CURRENT_PROJECT_VERSION = 1;
				DEVELOPMENT_TEAM = 3ZM435KRHM;
				GENERATE_INFOPLIST_FILE = YES;
				MARKETING_VERSION = 1.0;
				PRODUCT_BUNDLE_IDENTIFIER = com.nystudio107.CoffeeMastersUITests;
				PRODUCT_NAME = "$(TARGET_NAME)";
				SWIFT_EMIT_LOC_STRINGS = NO;
				SWIFT_VERSION = 5.0;
				TARGETED_DEVICE_FAMILY = "1,2";
				TEST_TARGET_NAME = CoffeeMasters;
			};
			name = Debug;
		};
		4947EE3F28E1089D0049BED1 /* Release */ = {
			isa = XCBuildConfiguration;
			buildSettings = {
				ALWAYS_EMBED_SWIFT_STANDARD_LIBRARIES = YES;
				CODE_SIGN_STYLE = Automatic;
				CURRENT_PROJECT_VERSION = 1;
				DEVELOPMENT_TEAM = 3ZM435KRHM;
				GENERATE_INFOPLIST_FILE = YES;
				MARKETING_VERSION = 1.0;
				PRODUCT_BUNDLE_IDENTIFIER = com.nystudio107.CoffeeMastersUITests;
				PRODUCT_NAME = "$(TARGET_NAME)";
				SWIFT_EMIT_LOC_STRINGS = NO;
				SWIFT_VERSION = 5.0;
				TARGETED_DEVICE_FAMILY = "1,2";
				TEST_TARGET_NAME = CoffeeMasters;
			};
			name = Release;
		};
/* End XCBuildConfiguration section */

/* Begin XCConfigurationList section */
		4947EE0E28E1089C0049BED1 /* Build configuration list for PBXProject "CoffeeMasters" */ = {
			isa = XCConfigurationList;
			buildConfigurations = (
				4947EE3528E1089D0049BED1 /* Debug */,
				4947EE3628E1089D0049BED1 /* Release */,
			);
			defaultConfigurationIsVisible = 0;
			defaultConfigurationName = Release;
		};
		4947EE3728E1089D0049BED1 /* Build configuration list for PBXNativeTarget "CoffeeMasters" */ = {
			isa = XCConfigurationList;
			buildConfigurations = (
				4947EE3828E1089D0049BED1 /* Debug */,
				4947EE3928E1089D0049BED1 /* Release */,
			);
			defaultConfigurationIsVisible = 0;
			defaultConfigurationName = Release;
		};
		4947EE3A28E1089D0049BED1 /* Build configuration list for PBXNativeTarget "CoffeeMastersTests" */ = {
			isa = XCConfigurationList;
			buildConfigurations = (
				4947EE3B28E1089D0049BED1 /* Debug */,
				4947EE3C28E1089D0049BED1 /* Release */,
			);
			defaultConfigurationIsVisible = 0;
			defaultConfigurationName = Release;
		};
		4947EE3D28E1089D0049BED1 /* Build configuration list for PBXNativeTarget "CoffeeMastersUITests" */ = {
			isa = XCConfigurationList;
			buildConfigurations = (
				4947EE3E28E1089D0049BED1 /* Debug */,
				4947EE3F28E1089D0049BED1 /* Release */,
			);
			defaultConfigurationIsVisible = 0;
			defaultConfigurationName = Release;
		};
/* End XCConfigurationList section */

/* Begin XCRemoteSwiftPackageReference section */
		498D80B928F216BC00DE1DDD /* XCRemoteSwiftPackageReference "Alamofire" */ = {
			isa = XCRemoteSwiftPackageReference;
			repositoryURL = "https://github.com/Alamofire/Alamofire.git";
			requirement = {
				kind = upToNextMajorVersion;
				minimumVersion = 5.0.0;
			};
		};
/* End XCRemoteSwiftPackageReference section */

/* Begin XCSwiftPackageProductDependency section */
		498D80BA28F216BC00DE1DDD /* Alamofire */ = {
			isa = XCSwiftPackageProductDependency;
			package = 498D80B928F216BC00DE1DDD /* XCRemoteSwiftPackageReference "Alamofire" */;
			productName = Alamofire;
		};
/* End XCSwiftPackageProductDependency section */
	};
	rootObject = 4947EE0B28E1089C0049BED1 /* Project object */;
}
